
Microsoft Visual Studio Solution File, Format Version 12.00
# Visual Studio 15
VisualStudioVersion = 15.0.28307.168
MinimumVisualStudioVersion = 10.0.40219.1
Project("{FAE04EC0-301F-11D3-BF4B-00C04F79EFBC}") = "Studbud.Android", "Studbud\Studbud.Android\Studbud.Android.csproj", "{A006EC94-F5D2-4305-B8FD-091DD64D599F}"
EndProject
Project("{FAE04EC0-301F-11D3-BF4B-00C04F79EFBC}") = "Studbud.iOS", "Studbud\Studbud.iOS\Studbud.iOS.csproj", "{78ED3459-E152-4241-B815-E7C966A4E761}"
EndProject
Project("{9A19103F-16F7-4668-BE54-9A1E7A4F7556}") = "Studbud", "Studbud\Studbud\Studbud.csproj", "{B4EE0634-75C3-47FC-9343-1614051AD96A}"
EndProject
Project("{FAE04EC0-301F-11D3-BF4B-00C04F79EFBC}") = "StudBud.Tests", "StudBud.Tests\StudBud.Tests.csproj", "{DE04EA84-0A3A-4012-8874-66CE9C501C17}"
EndProject
Global
	GlobalSection(SolutionConfigurationPlatforms) = preSolution
		Ad-Hoc|Any CPU = Ad-Hoc|Any CPU
		Ad-Hoc|iPhone = Ad-Hoc|iPhone
		Ad-Hoc|iPhoneSimulator = Ad-Hoc|iPhoneSimulator
		AppStore|Any CPU = AppStore|Any CPU
		AppStore|iPhone = AppStore|iPhone
		AppStore|iPhoneSimulator = AppStore|iPhoneSimulator
		Debug|Any CPU = Debug|Any CPU
		Debug|iPhone = Debug|iPhone
		Debug|iPhoneSimulator = Debug|iPhoneSimulator
		Release|Any CPU = Release|Any CPU
		Release|iPhone = Release|iPhone
		Release|iPhoneSimulator = Release|iPhoneSimulator
	EndGlobalSection
	GlobalSection(ProjectConfigurationPlatforms) = postSolution
		{A006EC94-F5D2-4305-B8FD-091DD64D599F}.Ad-Hoc|Any CPU.ActiveCfg = Release|Any CPU
		{A006EC94-F5D2-4305-B8FD-091DD64D599F}.Ad-Hoc|Any CPU.Build.0 = Release|Any CPU
		{A006EC94-F5D2-4305-B8FD-091DD64D599F}.Ad-Hoc|Any CPU.Deploy.0 = Release|Any CPU
		{A006EC94-F5D2-4305-B8FD-091DD64D599F}.Ad-Hoc|iPhone.ActiveCfg = Release|Any CPU
		{A006EC94-F5D2-4305-B8FD-091DD64D599F}.Ad-Hoc|iPhone.Build.0 = Release|Any CPU
		{A006EC94-F5D2-4305-B8FD-091DD64D599F}.Ad-Hoc|iPhone.Deploy.0 = Release|Any CPU
		{A006EC94-F5D2-4305-B8FD-091DD64D599F}.Ad-Hoc|iPhoneSimulator.ActiveCfg = Release|Any CPU
		{A006EC94-F5D2-4305-B8FD-091DD64D599F}.Ad-Hoc|iPhoneSimulator.Build.0 = Release|Any CPU
		{A006EC94-F5D2-4305-B8FD-091DD64D599F}.Ad-Hoc|iPhoneSimulator.Deploy.0 = Release|Any CPU
		{A006EC94-F5D2-4305-B8FD-091DD64D599F}.AppStore|Any CPU.ActiveCfg = Release|Any CPU
		{A006EC94-F5D2-4305-B8FD-091DD64D599F}.AppStore|Any CPU.Build.0 = Release|Any CPU
		{A006EC94-F5D2-4305-B8FD-091DD64D599F}.AppStore|Any CPU.Deploy.0 = Release|Any CPU
		{A006EC94-F5D2-4305-B8FD-091DD64D599F}.AppStore|iPhone.ActiveCfg = Release|Any CPU
		{A006EC94-F5D2-4305-B8FD-091DD64D599F}.AppStore|iPhone.Build.0 = Release|Any CPU
		{A006EC94-F5D2-4305-B8FD-091DD64D599F}.AppStore|iPhone.Deploy.0 = Release|Any CPU
		{A006EC94-F5D2-4305-B8FD-091DD64D599F}.AppStore|iPhoneSimulator.ActiveCfg = Release|Any CPU
		{A006EC94-F5D2-4305-B8FD-091DD64D599F}.AppStore|iPhoneSimulator.Build.0 = Release|Any CPU
		{A006EC94-F5D2-4305-B8FD-091DD64D599F}.AppStore|iPhoneSimulator.Deploy.0 = Release|Any CPU
		{A006EC94-F5D2-4305-B8FD-091DD64D599F}.Debug|Any CPU.ActiveCfg = Debug|Any CPU
		{A006EC94-F5D2-4305-B8FD-091DD64D599F}.Debug|Any CPU.Build.0 = Debug|Any CPU
		{A006EC94-F5D2-4305-B8FD-091DD64D599F}.Debug|Any CPU.Deploy.0 = Debug|Any CPU
		{A006EC94-F5D2-4305-B8FD-091DD64D599F}.Debug|iPhone.ActiveCfg = Debug|Any CPU
		{A006EC94-F5D2-4305-B8FD-091DD64D599F}.Debug|iPhone.Build.0 = Debug|Any CPU
		{A006EC94-F5D2-4305-B8FD-091DD64D599F}.Debug|iPhone.Deploy.0 = Debug|Any CPU
		{A006EC94-F5D2-4305-B8FD-091DD64D599F}.Debug|iPhoneSimulator.ActiveCfg = Debug|Any CPU
		{A006EC94-F5D2-4305-B8FD-091DD64D599F}.Debug|iPhoneSimulator.Build.0 = Debug|Any CPU
		{A006EC94-F5D2-4305-B8FD-091DD64D599F}.Debug|iPhoneSimulator.Deploy.0 = Debug|Any CPU
		{A006EC94-F5D2-4305-B8FD-091DD64D599F}.Release|Any CPU.ActiveCfg = Release|Any CPU
		{A006EC94-F5D2-4305-B8FD-091DD64D599F}.Release|Any CPU.Build.0 = Release|Any CPU
		{A006EC94-F5D2-4305-B8FD-091DD64D599F}.Release|Any CPU.Deploy.0 = Release|Any CPU
		{A006EC94-F5D2-4305-B8FD-091DD64D599F}.Release|iPhone.ActiveCfg = Release|Any CPU
		{A006EC94-F5D2-4305-B8FD-091DD64D599F}.Release|iPhone.Build.0 = Release|Any CPU
		{A006EC94-F5D2-4305-B8FD-091DD64D599F}.Release|iPhone.Deploy.0 = Release|Any CPU
		{A006EC94-F5D2-4305-B8FD-091DD64D599F}.Release|iPhoneSimulator.ActiveCfg = Release|Any CPU
		{A006EC94-F5D2-4305-B8FD-091DD64D599F}.Release|iPhoneSimulator.Build.0 = Release|Any CPU
		{A006EC94-F5D2-4305-B8FD-091DD64D599F}.Release|iPhoneSimulator.Deploy.0 = Release|Any CPU
		{78ED3459-E152-4241-B815-E7C966A4E761}.Ad-Hoc|Any CPU.ActiveCfg = Ad-Hoc|iPhone
		{78ED3459-E152-4241-B815-E7C966A4E761}.Ad-Hoc|Any CPU.Build.0 = Ad-Hoc|iPhone
		{78ED3459-E152-4241-B815-E7C966A4E761}.Ad-Hoc|Any CPU.Deploy.0 = Ad-Hoc|iPhone
		{78ED3459-E152-4241-B815-E7C966A4E761}.Ad-Hoc|iPhone.ActiveCfg = Ad-Hoc|iPhone
		{78ED3459-E152-4241-B815-E7C966A4E761}.Ad-Hoc|iPhone.Build.0 = Ad-Hoc|iPhone
		{78ED3459-E152-4241-B815-E7C966A4E761}.Ad-Hoc|iPhone.Deploy.0 = Ad-Hoc|iPhone
		{78ED3459-E152-4241-B815-E7C966A4E761}.Ad-Hoc|iPhoneSimulator.ActiveCfg = Ad-Hoc|iPhoneSimulator
		{78ED3459-E152-4241-B815-E7C966A4E761}.Ad-Hoc|iPhoneSimulator.Build.0 = Ad-Hoc|iPhoneSimulator
		{78ED3459-E152-4241-B815-E7C966A4E761}.Ad-Hoc|iPhoneSimulator.Deploy.0 = Ad-Hoc|iPhoneSimulator
		{78ED3459-E152-4241-B815-E7C966A4E761}.AppStore|Any CPU.ActiveCfg = AppStore|iPhone
		{78ED3459-E152-4241-B815-E7C966A4E761}.AppStore|Any CPU.Build.0 = AppStore|iPhone
		{78ED3459-E152-4241-B815-E7C966A4E761}.AppStore|Any CPU.Deploy.0 = AppStore|iPhone
		{78ED3459-E152-4241-B815-E7C966A4E761}.AppStore|iPhone.ActiveCfg = AppStore|iPhone
		{78ED3459-E152-4241-B815-E7C966A4E761}.AppStore|iPhone.Build.0 = AppStore|iPhone
		{78ED3459-E152-4241-B815-E7C966A4E761}.AppStore|iPhone.Deploy.0 = AppStore|iPhone
		{78ED3459-E152-4241-B815-E7C966A4E761}.AppStore|iPhoneSimulator.ActiveCfg = AppStore|iPhoneSimulator
		{78ED3459-E152-4241-B815-E7C966A4E761}.AppStore|iPhoneSimulator.Build.0 = AppStore|iPhoneSimulator
		{78ED3459-E152-4241-B815-E7C966A4E761}.AppStore|iPhoneSimulator.Deploy.0 = AppStore|iPhoneSimulator
		{78ED3459-E152-4241-B815-E7C966A4E761}.Debug|Any CPU.ActiveCfg = Debug|iPhoneSimulator
		{78ED3459-E152-4241-B815-E7C966A4E761}.Debug|Any CPU.Build.0 = Debug|iPhoneSimulator
		{78ED3459-E152-4241-B815-E7C966A4E761}.Debug|Any CPU.Deploy.0 = Debug|iPhoneSimulator
		{78ED3459-E152-4241-B815-E7C966A4E761}.Debug|iPhone.ActiveCfg = Debug|iPhone
		{78ED3459-E152-4241-B815-E7C966A4E761}.Debug|iPhone.Build.0 = Debug|iPhone
		{78ED3459-E152-4241-B815-E7C966A4E761}.Debug|iPhone.Deploy.0 = Debug|iPhone
		{78ED3459-E152-4241-B815-E7C966A4E761}.Debug|iPhoneSimulator.ActiveCfg = Debug|iPhoneSimulator
		{78ED3459-E152-4241-B815-E7C966A4E761}.Debug|iPhoneSimulator.Build.0 = Debug|iPhoneSimulator
		{78ED3459-E152-4241-B815-E7C966A4E761}.Debug|iPhoneSimulator.Deploy.0 = Debug|iPhoneSimulator
		{78ED3459-E152-4241-B815-E7C966A4E761}.Release|Any CPU.ActiveCfg = Release|iPhone
		{78ED3459-E152-4241-B815-E7C966A4E761}.Release|Any CPU.Build.0 = Release|iPhone
		{78ED3459-E152-4241-B815-E7C966A4E761}.Release|Any CPU.Deploy.0 = Release|iPhone
		{78ED3459-E152-4241-B815-E7C966A4E761}.Release|iPhone.ActiveCfg = Release|iPhone
		{78ED3459-E152-4241-B815-E7C966A4E761}.Release|iPhone.Build.0 = Release|iPhone
		{78ED3459-E152-4241-B815-E7C966A4E761}.Release|iPhone.Deploy.0 = Release|iPhone
		{78ED3459-E152-4241-B815-E7C966A4E761}.Release|iPhoneSimulator.ActiveCfg = Release|iPhoneSimulator
		{78ED3459-E152-4241-B815-E7C966A4E761}.Release|iPhoneSimulator.Build.0 = Release|iPhoneSimulator
		{78ED3459-E152-4241-B815-E7C966A4E761}.Release|iPhoneSimulator.Deploy.0 = Release|iPhoneSimulator
		{B4EE0634-75C3-47FC-9343-1614051AD96A}.Ad-Hoc|Any CPU.ActiveCfg = Debug|Any CPU
		{B4EE0634-75C3-47FC-9343-1614051AD96A}.Ad-Hoc|Any CPU.Build.0 = Debug|Any CPU
		{B4EE0634-75C3-47FC-9343-1614051AD96A}.Ad-Hoc|Any CPU.Deploy.0 = Debug|Any CPU
		{B4EE0634-75C3-47FC-9343-1614051AD96A}.Ad-Hoc|iPhone.ActiveCfg = Debug|Any CPU
		{B4EE0634-75C3-47FC-9343-1614051AD96A}.Ad-Hoc|iPhone.Build.0 = Debug|Any CPU
		{B4EE0634-75C3-47FC-9343-1614051AD96A}.Ad-Hoc|iPhone.Deploy.0 = Debug|Any CPU
		{B4EE0634-75C3-47FC-9343-1614051AD96A}.Ad-Hoc|iPhoneSimulator.ActiveCfg = Debug|Any CPU
		{B4EE0634-75C3-47FC-9343-1614051AD96A}.Ad-Hoc|iPhoneSimulator.Build.0 = Debug|Any CPU
		{B4EE0634-75C3-47FC-9343-1614051AD96A}.Ad-Hoc|iPhoneSimulator.Deploy.0 = Debug|Any CPU
		{B4EE0634-75C3-47FC-9343-1614051AD96A}.AppStore|Any CPU.ActiveCfg = Debug|Any CPU
		{B4EE0634-75C3-47FC-9343-1614051AD96A}.AppStore|Any CPU.Build.0 = Debug|Any CPU
		{B4EE0634-75C3-47FC-9343-1614051AD96A}.AppStore|Any CPU.Deploy.0 = Debug|Any CPU
		{B4EE0634-75C3-47FC-9343-1614051AD96A}.AppStore|iPhone.ActiveCfg = Debug|Any CPU
		{B4EE0634-75C3-47FC-9343-1614051AD96A}.AppStore|iPhone.Build.0 = Debug|Any CPU
		{B4EE0634-75C3-47FC-9343-1614051AD96A}.AppStore|iPhone.Deploy.0 = Debug|Any CPU
		{B4EE0634-75C3-47FC-9343-1614051AD96A}.AppStore|iPhoneSimulator.ActiveCfg = Debug|Any CPU
		{B4EE0634-75C3-47FC-9343-1614051AD96A}.AppStore|iPhoneSimulator.Build.0 = Debug|Any CPU
		{B4EE0634-75C3-47FC-9343-1614051AD96A}.AppStore|iPhoneSimulator.Deploy.0 = Debug|Any CPU
		{B4EE0634-75C3-47FC-9343-1614051AD96A}.Debug|Any CPU.ActiveCfg = Debug|Any CPU
		{B4EE0634-75C3-47FC-9343-1614051AD96A}.Debug|Any CPU.Build.0 = Debug|Any CPU
		{B4EE0634-75C3-47FC-9343-1614051AD96A}.Debug|Any CPU.Deploy.0 = Debug|Any CPU
		{B4EE0634-75C3-47FC-9343-1614051AD96A}.Debug|iPhone.ActiveCfg = Debug|Any CPU
		{B4EE0634-75C3-47FC-9343-1614051AD96A}.Debug|iPhone.Build.0 = Debug|Any CPU
		{B4EE0634-75C3-47FC-9343-1614051AD96A}.Debug|iPhone.Deploy.0 = Debug|Any CPU
		{B4EE0634-75C3-47FC-9343-1614051AD96A}.Debug|iPhoneSimulator.ActiveCfg = Debug|Any CPU
		{B4EE0634-75C3-47FC-9343-1614051AD96A}.Debug|iPhoneSimulator.Build.0 = Debug|Any CPU
		{B4EE0634-75C3-47FC-9343-1614051AD96A}.Debug|iPhoneSimulator.Deploy.0 = Debug|Any CPU
		{B4EE0634-75C3-47FC-9343-1614051AD96A}.Release|Any CPU.ActiveCfg = Release|Any CPU
		{B4EE0634-75C3-47FC-9343-1614051AD96A}.Release|Any CPU.Build.0 = Release|Any CPU
		{B4EE0634-75C3-47FC-9343-1614051AD96A}.Release|Any CPU.Deploy.0 = Release|Any CPU
		{B4EE0634-75C3-47FC-9343-1614051AD96A}.Release|iPhone.ActiveCfg = Release|Any CPU
		{B4EE0634-75C3-47FC-9343-1614051AD96A}.Release|iPhone.Build.0 = Release|Any CPU
		{B4EE0634-75C3-47FC-9343-1614051AD96A}.Release|iPhone.Deploy.0 = Release|Any CPU
		{B4EE0634-75C3-47FC-9343-1614051AD96A}.Release|iPhoneSimulator.ActiveCfg = Release|Any CPU
		{B4EE0634-75C3-47FC-9343-1614051AD96A}.Release|iPhoneSimulator.Build.0 = Release|Any CPU
		{B4EE0634-75C3-47FC-9343-1614051AD96A}.Release|iPhoneSimulator.Deploy.0 = Release|Any CPU
		{DE04EA84-0A3A-4012-8874-66CE9C501C17}.Ad-Hoc|Any CPU.ActiveCfg = Debug|Any CPU
		{DE04EA84-0A3A-4012-8874-66CE9C501C17}.Ad-Hoc|Any CPU.Build.0 = Debug|Any CPU
		{DE04EA84-0A3A-4012-8874-66CE9C501C17}.Ad-Hoc|iPhone.ActiveCfg = Debug|Any CPU
		{DE04EA84-0A3A-4012-8874-66CE9C501C17}.Ad-Hoc|iPhone.Build.0 = Debug|Any CPU
		{DE04EA84-0A3A-4012-8874-66CE9C501C17}.Ad-Hoc|iPhoneSimulator.ActiveCfg = Debug|Any CPU
		{DE04EA84-0A3A-4012-8874-66CE9C501C17}.Ad-Hoc|iPhoneSimulator.Build.0 = Debug|Any CPU
		{DE04EA84-0A3A-4012-8874-66CE9C501C17}.AppStore|Any CPU.ActiveCfg = Debug|Any CPU
		{DE04EA84-0A3A-4012-8874-66CE9C501C17}.AppStore|Any CPU.Build.0 = Debug|Any CPU
		{DE04EA84-0A3A-4012-8874-66CE9C501C17}.AppStore|iPhone.ActiveCfg = Debug|Any CPU
		{DE04EA84-0A3A-4012-8874-66CE9C501C17}.AppStore|iPhone.Build.0 = Debug|Any CPU
		{DE04EA84-0A3A-4012-8874-66CE9C501C17}.AppStore|iPhoneSimulator.ActiveCfg = Debug|Any CPU
		{DE04EA84-0A3A-4012-8874-66CE9C501C17}.AppStore|iPhoneSimulator.Build.0 = Debug|Any CPU
		{DE04EA84-0A3A-4012-8874-66CE9C501C17}.Debug|Any CPU.ActiveCfg = Debug|Any CPU
		{DE04EA84-0A3A-4012-8874-66CE9C501C17}.Debug|Any CPU.Build.0 = Debug|Any CPU
		{DE04EA84-0A3A-4012-8874-66CE9C501C17}.Debug|iPhone.ActiveCfg = Debug|Any CPU
		{DE04EA84-0A3A-4012-8874-66CE9C501C17}.Debug|iPhone.Build.0 = Debug|Any CPU
		{DE04EA84-0A3A-4012-8874-66CE9C501C17}.Debug|iPhoneSimulator.ActiveCfg = Debug|Any CPU
		{DE04EA84-0A3A-4012-8874-66CE9C501C17}.Debug|iPhoneSimulator.Build.0 = Debug|Any CPU
		{DE04EA84-0A3A-4012-8874-66CE9C501C17}.Release|Any CPU.ActiveCfg = Release|Any CPU
		{DE04EA84-0A3A-4012-8874-66CE9C501C17}.Release|Any CPU.Build.0 = Release|Any CPU
		{DE04EA84-0A3A-4012-8874-66CE9C501C17}.Release|iPhone.ActiveCfg = Release|Any CPU
		{DE04EA84-0A3A-4012-8874-66CE9C501C17}.Release|iPhone.Build.0 = Release|Any CPU
		{DE04EA84-0A3A-4012-8874-66CE9C501C17}.Release|iPhoneSimulator.ActiveCfg = Release|Any CPU
		{DE04EA84-0A3A-4012-8874-66CE9C501C17}.Release|iPhoneSimulator.Build.0 = Release|Any CPU
	EndGlobalSection
	GlobalSection(SolutionProperties) = preSolution
		HideSolutionNode = FALSE
	EndGlobalSection
	GlobalSection(ExtensibilityGlobals) = postSolution
		SolutionGuid = {3C88B719-6798-47F8-9F8D-799366CD7AC5}
	EndGlobalSection
EndGlobal
